Microsoft Visual Studio Solution File, Format Version 12.00
# Visual Studio Version 17
VisualStudioVersion = 17.14.36301.6
MinimumVisualStudioVersion = 10.0.40219.1
Project("{FAE04EC0-301F-11D3-BF4B-00C04F79EFBC}") = "Runic.C.AST", "src\Runic.C.AST.csproj", "{A9070389-94FF-492B-9210-3B51B8DE13D3}"
EndProject
Project("{2150E333-8FDC-42A3-9474-1A3956D46DE8}") = "Build", "Build", "{02EA681E-C7D8-13C7-8484-4AC65E1B71E8}"
EndProject
Project("{2150E333-8FDC-42A3-9474-1A3956D46DE8}") = "Net48", "Net48", "{E375E13B-9291-47F0-884A-3D84DA073A60}"
EndProject
Project("{2150E333-8FDC-42A3-9474-1A3956D46DE8}") = "Net6", "Net6", "{B4788F6A-EFCD-4FD8-AE4F-B61A42CFDD6F}"
EndProject
Project("{2150E333-8FDC-42A3-9474-1A3956D46DE8}") = "Net8", "Net8", "{05F834C3-F641-41E8-8D95-9A24548C38A2}"
EndProject
Project("{FAE04EC0-301F-11D3-BF4B-00C04F79EFBC}") = "Runic.C.AST.Net48", "build\net48\Runic.C.AST.Net48.csproj", "{7FB79DFE-6988-4D62-BB9D-4CFAF2AC144F}"
EndProject
Project("{FAE04EC0-301F-11D3-BF4B-00C04F79EFBC}") = "Runic.C.AST.Net8", "build\net8\Runic.C.AST.Net8.csproj", "{BC431786-7D5F-407B-B42C-7FB6CD04E3F8}"
EndProject
Project("{FAE04EC0-301F-11D3-BF4B-00C04F79EFBC}") = "Runic.C.AST.Net6", "build\net6\Runic.C.AST.Net6.csproj", "{7EA664A4-740C-4BB2-86D6-6D479C54E14E}"
EndProject
Project("{2150E333-8FDC-42A3-9474-1A3956D46DE8}") = "Nuget", "Nuget", "{0AA18D71-2C6A-446A-96F8-D9335DBF32BA}"
EndProject
Project("{FAE04EC0-301F-11D3-BF4B-00C04F79EFBC}") = "Runic.C.AST.Nuget", "build\nuget\Runic.C.AST.Nuget.csproj", "{EF8FCC70-078D-4D7F-B7BD-0F2C13FA9FFF}"
	ProjectSection(ProjectDependencies) = postProject
		{7FB79DFE-6988-4D62-BB9D-4CFAF2AC144F} = {7FB79DFE-6988-4D62-BB9D-4CFAF2AC144F}
		{7EA664A4-740C-4BB2-86D6-6D479C54E14E} = {7EA664A4-740C-4BB2-86D6-6D479C54E14E}
		{BC431786-7D5F-407B-B42C-7FB6CD04E3F8} = {BC431786-7D5F-407B-B42C-7FB6CD04E3F8}
	EndProjectSection
EndProject
Global
	GlobalSection(SolutionConfigurationPlatforms) = preSolution
		Debug|Any CPU = Debug|Any CPU
		Release|Any CPU = Release|Any CPU
	EndGlobalSection
	GlobalSection(ProjectConfigurationPlatforms) = postSolution
		{A9070389-94FF-492B-9210-3B51B8DE13D3}.Debug|Any CPU.ActiveCfg = Debug|Any CPU
		{A9070389-94FF-492B-9210-3B51B8DE13D3}.Debug|Any CPU.Build.0 = Debug|Any CPU
		{A9070389-94FF-492B-9210-3B51B8DE13D3}.Release|Any CPU.ActiveCfg = Release|Any CPU
		{A9070389-94FF-492B-9210-3B51B8DE13D3}.Release|Any CPU.Build.0 = Release|Any CPU
		{7FB79DFE-6988-4D62-BB9D-4CFAF2AC144F}.Debug|Any CPU.ActiveCfg = Debug|Any CPU
		{7FB79DFE-6988-4D62-BB9D-4CFAF2AC144F}.Debug|Any CPU.Build.0 = Debug|Any CPU
		{7FB79DFE-6988-4D62-BB9D-4CFAF2AC144F}.Release|Any CPU.ActiveCfg = Release|Any CPU
		{7FB79DFE-6988-4D62-BB9D-4CFAF2AC144F}.Release|Any CPU.Build.0 = Release|Any CPU
		{BC431786-7D5F-407B-B42C-7FB6CD04E3F8}.Debug|Any CPU.ActiveCfg = Debug|Any CPU
		{BC431786-7D5F-407B-B42C-7FB6CD04E3F8}.Debug|Any CPU.Build.0 = Debug|Any CPU
		{BC431786-7D5F-407B-B42C-7FB6CD04E3F8}.Release|Any CPU.ActiveCfg = Release|Any CPU
		{BC431786-7D5F-407B-B42C-7FB6CD04E3F8}.Release|Any CPU.Build.0 = Release|Any CPU
		{7EA664A4-740C-4BB2-86D6-6D479C54E14E}.Debug|Any CPU.ActiveCfg = Debug|Any CPU
		{7EA664A4-740C-4BB2-86D6-6D479C54E14E}.Debug|Any CPU.Build.0 = Debug|Any CPU
		{7EA664A4-740C-4BB2-86D6-6D479C54E14E}.Release|Any CPU.ActiveCfg = Release|Any CPU
		{7EA664A4-740C-4BB2-86D6-6D479C54E14E}.Release|Any CPU.Build.0 = Release|Any CPU
		{EF8FCC70-078D-4D7F-B7BD-0F2C13FA9FFF}.Debug|Any CPU.ActiveCfg = Debug|Any CPU
		{EF8FCC70-078D-4D7F-B7BD-0F2C13FA9FFF}.Debug|Any CPU.Build.0 = Debug|Any CPU
		{EF8FCC70-078D-4D7F-B7BD-0F2C13FA9FFF}.Release|Any CPU.ActiveCfg = Release|Any CPU
		{EF8FCC70-078D-4D7F-B7BD-0F2C13FA9FFF}.Release|Any CPU.Build.0 = Release|Any CPU
	EndGlobalSection
	GlobalSection(SolutionProperties) = preSolution
		HideSolutionNode = FALSE
	EndGlobalSection
	GlobalSection(NestedProjects) = preSolution
		{E375E13B-9291-47F0-884A-3D84DA073A60} = {02EA681E-C7D8-13C7-8484-4AC65E1B71E8}
		{B4788F6A-EFCD-4FD8-AE4F-B61A42CFDD6F} = {02EA681E-C7D8-13C7-8484-4AC65E1B71E8}
		{05F834C3-F641-41E8-8D95-9A24548C38A2} = {02EA681E-C7D8-13C7-8484-4AC65E1B71E8}
		{7FB79DFE-6988-4D62-BB9D-4CFAF2AC144F} = {E375E13B-9291-47F0-884A-3D84DA073A60}
		{BC431786-7D5F-407B-B42C-7FB6CD04E3F8} = {05F834C3-F641-41E8-8D95-9A24548C38A2}
		{7EA664A4-740C-4BB2-86D6-6D479C54E14E} = {B4788F6A-EFCD-4FD8-AE4F-B61A42CFDD6F}
		{0AA18D71-2C6A-446A-96F8-D9335DBF32BA} = {02EA681E-C7D8-13C7-8484-4AC65E1B71E8}
		{EF8FCC70-078D-4D7F-B7BD-0F2C13FA9FFF} = {0AA18D71-2C6A-446A-96F8-D9335DBF32BA}
	EndGlobalSection
	GlobalSection(ExtensibilityGlobals) = postSolution
		SolutionGuid = {330E4302-A9AA-42A8-8811-E37356B21BD2}
	EndGlobalSection
EndGlobal